github.com/bradfitz/gomemcache v0.0.0-20230611145640-acc696258285 h1:Dr+ezPI5ivhMn/3WOoB86XzMhie146DNaBbhaQWZHMY=
github.com/bradfitz/gomemcache v0.0.0-20230611145640-acc696258285/go.mod h1:H0wQNHz2YrLsuXOZozoeDmnHXkNCRmMW0gwFWDfEZDA=
github.com/gofiber/utils v1.1.0 h1:vdEBpn7AzIUJRhe+CiTOJdUcTg4Q9RK+pEa0KPbLdrM=
github.com/gofiber/utils v1.1.0/go.mod h1:poZpsnhBykfnY1Mc0KeEa6mSHrS3dV0+oBWyeQmb2e0=
